# THIS IS AN AUTOGENERATED FILE. DO NOT EDIT THIS FILE DIRECTLY.
# yarn lockfile v1


"@babel/helper-string-parser@^7.25.9":
  version "7.25.9"
  resolved "https://registry.npmjs.org/@babel/helper-string-parser/-/helper-string-parser-7.25.9.tgz"
  integrity sha512-4A/SCr/2KLd5jrtOMFzaKjVtAei3+2r/NChoBNoZ3EyP/+GlhoaEGoWOZUmFmoITP7zOJyHIMm+DYRd8o3PvHA==

"@babel/helper-validator-identifier@^7.25.9":
  version "7.25.9"
  resolved "https://registry.npmjs.org/@babel/helper-validator-identifier/-/helper-validator-identifier-7.25.9.tgz"
  integrity sha512-Ed61U6XJc3CVRfkERJWDz4dJwKe7iLmmJsbOGu9wSloNSFttHV0I8g6UAgb7qnK5ly5bGLPd4oXZlxCdANBOWQ==

"@babel/parser@^7.25.3":
  version "7.26.9"
  resolved "https://registry.npmjs.org/@babel/parser/-/parser-7.26.9.tgz"
  integrity sha512-81NWa1njQblgZbQHxWHpxxCzNsa3ZwvFqpUg7P+NNUU6f3UU2jBEg4OlF/J6rl8+PQGh1q6/zWScd001YwcA5A==
  dependencies:
    "@babel/types" "^7.26.9"

"@babel/types@^7.26.9":
  version "7.26.9"
  resolved "https://registry.npmjs.org/@babel/types/-/types-7.26.9.tgz"
  integrity sha512-Y3IR1cRnOxOCDvMmNiym7XpXQ93iGDDPHx+Zj+NM+rg0fBaShfQLkg+hKPaZCEvg5N/LeCo4+Rj/i3FuJsIQaw==
  dependencies:
    "@babel/helper-string-parser" "^7.25.9"
    "@babel/helper-validator-identifier" "^7.25.9"

"@esbuild/aix-ppc64@0.24.2":
  version "0.24.2"
  resolved "https://registry.yarnpkg.com/@esbuild/aix-ppc64/-/aix-ppc64-0.24.2.tgz#38848d3e25afe842a7943643cbcd387cc6e13461"
  integrity sha512-thpVCb/rhxE/BnMLQ7GReQLLN8q9qbHmI55F4489/ByVg2aQaQ6kbcLb6FHkocZzQhxc4gx0sCk0tJkKBFzDhA==

"@esbuild/android-arm64@0.24.2":
  version "0.24.2"
  resolved "https://registry.yarnpkg.com/@esbuild/android-arm64/-/android-arm64-0.24.2.tgz#f592957ae8b5643129fa889c79e69cd8669bb894"
  integrity sha512-cNLgeqCqV8WxfcTIOeL4OAtSmL8JjcN6m09XIgro1Wi7cF4t/THaWEa7eL5CMoMBdjoHOTh/vwTO/o2TRXIyzg==

"@esbuild/android-arm@0.24.2":
  version "0.24.2"
  resolved "https://registry.yarnpkg.com/@esbuild/android-arm/-/android-arm-0.24.2.tgz#72d8a2063aa630308af486a7e5cbcd1e134335b3"
  integrity sha512-tmwl4hJkCfNHwFB3nBa8z1Uy3ypZpxqxfTQOcHX+xRByyYgunVbZ9MzUUfb0RxaHIMnbHagwAxuTL+tnNM+1/Q==

"@esbuild/android-x64@0.24.2":
  version "0.24.2"
  resolved "https://registry.yarnpkg.com/@esbuild/android-x64/-/android-x64-0.24.2.tgz#9a7713504d5f04792f33be9c197a882b2d88febb"
  integrity sha512-B6Q0YQDqMx9D7rvIcsXfmJfvUYLoP722bgfBlO5cGvNVb5V/+Y7nhBE3mHV9OpxBf4eAS2S68KZztiPaWq4XYw==

"@esbuild/darwin-arm64@0.24.2":
  version "0.24.2"
  resolved "https://registry.npmjs.org/@esbuild/darwin-arm64/-/darwin-arm64-0.24.2.tgz"
  integrity sha512-kj3AnYWc+CekmZnS5IPu9D+HWtUI49hbnyqk0FLEJDbzCIQt7hg7ucF1SQAilhtYpIujfaHr6O0UHlzzSPdOeA==

"@esbuild/darwin-x64@0.24.2":
  version "0.24.2"
  resolved "https://registry.yarnpkg.com/@esbuild/darwin-x64/-/darwin-x64-0.24.2.tgz#9ec312bc29c60e1b6cecadc82bd504d8adaa19e9"
  integrity sha512-WeSrmwwHaPkNR5H3yYfowhZcbriGqooyu3zI/3GGpF8AyUdsrrP0X6KumITGA9WOyiJavnGZUwPGvxvwfWPHIA==

"@esbuild/freebsd-arm64@0.24.2":
  version "0.24.2"
  resolved "https://registry.yarnpkg.com/@esbuild/freebsd-arm64/-/freebsd-arm64-0.24.2.tgz#5e82f44cb4906d6aebf24497d6a068cfc152fa00"
  integrity sha512-UN8HXjtJ0k/Mj6a9+5u6+2eZ2ERD7Edt1Q9IZiB5UZAIdPnVKDoG7mdTVGhHJIeEml60JteamR3qhsr1r8gXvg==

"@esbuild/freebsd-x64@0.24.2":
  version "0.24.2"
  resolved "https://registry.yarnpkg.com/@esbuild/freebsd-x64/-/freebsd-x64-0.24.2.tgz#3fb1ce92f276168b75074b4e51aa0d8141ecce7f"
  integrity sha512-TvW7wE/89PYW+IevEJXZ5sF6gJRDY/14hyIGFXdIucxCsbRmLUcjseQu1SyTko+2idmCw94TgyaEZi9HUSOe3Q==

"@esbuild/linux-arm64@0.24.2":
  version "0.24.2"
  resolved "https://registry.yarnpkg.com/@esbuild/linux-arm64/-/linux-arm64-0.24.2.tgz#856b632d79eb80aec0864381efd29de8fd0b1f43"
  integrity sha512-7HnAD6074BW43YvvUmE/35Id9/NB7BeX5EoNkK9obndmZBUk8xmJJeU7DwmUeN7tkysslb2eSl6CTrYz6oEMQg==

"@esbuild/linux-arm@0.24.2":
  version "0.24.2"
  resolved "https://registry.yarnpkg.com/@esbuild/linux-arm/-/linux-arm-0.24.2.tgz#c846b4694dc5a75d1444f52257ccc5659021b736"
  integrity sha512-n0WRM/gWIdU29J57hJyUdIsk0WarGd6To0s+Y+LwvlC55wt+GT/OgkwoXCXvIue1i1sSNWblHEig00GBWiJgfA==

"@esbuild/linux-ia32@0.24.2":
  version "0.24.2"
  resolved "https://registry.yarnpkg.com/@esbuild/linux-ia32/-/linux-ia32-0.24.2.tgz#f8a16615a78826ccbb6566fab9a9606cfd4a37d5"
  integrity sha512-sfv0tGPQhcZOgTKO3oBE9xpHuUqguHvSo4jl+wjnKwFpapx+vUDcawbwPNuBIAYdRAvIDBfZVvXprIj3HA+Ugw==

"@esbuild/linux-loong64@0.24.2":
  version "0.24.2"
  resolved "https://registry.yarnpkg.com/@esbuild/linux-loong64/-/linux-loong64-0.24.2.tgz#1c451538c765bf14913512c76ed8a351e18b09fc"
  integrity sha512-CN9AZr8kEndGooS35ntToZLTQLHEjtVB5n7dl8ZcTZMonJ7CCfStrYhrzF97eAecqVbVJ7APOEe18RPI4KLhwQ==

"@esbuild/linux-mips64el@0.24.2":
  version "0.24.2"
  resolved "https://registry.yarnpkg.com/@esbuild/linux-mips64el/-/linux-mips64el-0.24.2.tgz#0846edeefbc3d8d50645c51869cc64401d9239cb"
  integrity sha512-iMkk7qr/wl3exJATwkISxI7kTcmHKE+BlymIAbHO8xanq/TjHaaVThFF6ipWzPHryoFsesNQJPE/3wFJw4+huw==

"@esbuild/linux-ppc64@0.24.2":
  version "0.24.2"
  resolved "https://registry.yarnpkg.com/@esbuild/linux-ppc64/-/linux-ppc64-0.24.2.tgz#8e3fc54505671d193337a36dfd4c1a23b8a41412"
  integrity sha512-shsVrgCZ57Vr2L8mm39kO5PPIb+843FStGt7sGGoqiiWYconSxwTiuswC1VJZLCjNiMLAMh34jg4VSEQb+iEbw==

"@esbuild/linux-riscv64@0.24.2":
  version "0.24.2"
  resolved "https://registry.yarnpkg.com/@esbuild/linux-riscv64/-/linux-riscv64-0.24.2.tgz#6a1e92096d5e68f7bb10a0d64bb5b6d1daf9a694"
  integrity sha512-4eSFWnU9Hhd68fW16GD0TINewo1L6dRrB+oLNNbYyMUAeOD2yCK5KXGK1GH4qD/kT+bTEXjsyTCiJGHPZ3eM9Q==

"@esbuild/linux-s390x@0.24.2":
  version "0.24.2"
  resolved "https://registry.yarnpkg.com/@esbuild/linux-s390x/-/linux-s390x-0.24.2.tgz#ab18e56e66f7a3c49cb97d337cd0a6fea28a8577"
  integrity sha512-S0Bh0A53b0YHL2XEXC20bHLuGMOhFDO6GN4b3YjRLK//Ep3ql3erpNcPlEFed93hsQAjAQDNsvcK+hV90FubSw==

"@esbuild/linux-x64@0.24.2":
  version "0.24.2"
  resolved "https://registry.yarnpkg.com/@esbuild/linux-x64/-/linux-x64-0.24.2.tgz#8140c9b40da634d380b0b29c837a0b4267aff38f"
  integrity sha512-8Qi4nQcCTbLnK9WoMjdC9NiTG6/E38RNICU6sUNqK0QFxCYgoARqVqxdFmWkdonVsvGqWhmm7MO0jyTqLqwj0Q==

"@esbuild/netbsd-arm64@0.24.2":
  version "0.24.2"
  resolved "https://registry.yarnpkg.com/@esbuild/netbsd-arm64/-/netbsd-arm64-0.24.2.tgz#65f19161432bafb3981f5f20a7ff45abb2e708e6"
  integrity sha512-wuLK/VztRRpMt9zyHSazyCVdCXlpHkKm34WUyinD2lzK07FAHTq0KQvZZlXikNWkDGoT6x3TD51jKQ7gMVpopw==

"@esbuild/netbsd-x64@0.24.2":
  version "0.24.2"
  resolved "https://registry.yarnpkg.com/@esbuild/netbsd-x64/-/netbsd-x64-0.24.2.tgz#7a3a97d77abfd11765a72f1c6f9b18f5396bcc40"
  integrity sha512-VefFaQUc4FMmJuAxmIHgUmfNiLXY438XrL4GDNV1Y1H/RW3qow68xTwjZKfj/+Plp9NANmzbH5R40Meudu8mmw==

"@esbuild/openbsd-arm64@0.24.2":
  version "0.24.2"
  resolved "https://registry.yarnpkg.com/@esbuild/openbsd-arm64/-/openbsd-arm64-0.24.2.tgz#58b00238dd8f123bfff68d3acc53a6ee369af89f"
  integrity sha512-YQbi46SBct6iKnszhSvdluqDmxCJA+Pu280Av9WICNwQmMxV7nLRHZfjQzwbPs3jeWnuAhE9Jy0NrnJ12Oz+0A==

"@esbuild/openbsd-x64@0.24.2":
  version "0.24.2"
  resolved "https://registry.yarnpkg.com/@esbuild/openbsd-x64/-/openbsd-x64-0.24.2.tgz#0ac843fda0feb85a93e288842936c21a00a8a205"
  integrity sha512-+iDS6zpNM6EnJyWv0bMGLWSWeXGN/HTaF/LXHXHwejGsVi+ooqDfMCCTerNFxEkM3wYVcExkeGXNqshc9iMaOA==

"@esbuild/sunos-x64@0.24.2":
  version "0.24.2"
  resolved "https://registry.yarnpkg.com/@esbuild/sunos-x64/-/sunos-x64-0.24.2.tgz#8b7aa895e07828d36c422a4404cc2ecf27fb15c6"
  integrity sha512-hTdsW27jcktEvpwNHJU4ZwWFGkz2zRJUz8pvddmXPtXDzVKTTINmlmga3ZzwcuMpUvLw7JkLy9QLKyGpD2Yxig==

"@esbuild/win32-arm64@0.24.2":
  version "0.24.2"
  resolved "https://registry.yarnpkg.com/@esbuild/win32-arm64/-/win32-arm64-0.24.2.tgz#c023afb647cabf0c3ed13f0eddfc4f1d61c66a85"
  integrity sha512-LihEQ2BBKVFLOC9ZItT9iFprsE9tqjDjnbulhHoFxYQtQfai7qfluVODIYxt1PgdoyQkz23+01rzwNwYfutxUQ==

"@esbuild/win32-ia32@0.24.2":
  version "0.24.2"
  resolved "https://registry.yarnpkg.com/@esbuild/win32-ia32/-/win32-ia32-0.24.2.tgz#96c356132d2dda990098c8b8b951209c3cd743c2"
  integrity sha512-q+iGUwfs8tncmFC9pcnD5IvRHAzmbwQ3GPS5/ceCyHdjXubwQWI12MKWSNSMYLJMq23/IUCvJMS76PDqXe1fxA==

"@esbuild/win32-x64@0.24.2":
  version "0.24.2"
  resolved "https://registry.yarnpkg.com/@esbuild/win32-x64/-/win32-x64-0.24.2.tgz#34aa0b52d0fbb1a654b596acfa595f0c7b77a77b"
  integrity sha512-7VTgWzgMGvup6aSqDPLiW5zHaxYJGTO4OokMjIlrCtf+VpEL+cXKtCvg723iguPYI5oaUNdS+/V7OU2gvXVWEg==

"@jridgewell/sourcemap-codec@^1.5.0":
  version "1.5.0"
  resolved "https://registry.npmjs.org/@jridgewell/sourcemap-codec/-/sourcemap-codec-1.5.0.tgz"
  integrity sha512-gv3ZRaISU3fjPAgNsriBRqGWQL6quFx04YMPW/zD8XMLsU32mhCCbfbO6KZFLjvYpCZ8zyDEgqsgf+PwPaM7GQ==

"@lottiefiles/dotlottie-vue@^0.5.6":
  version "0.5.6"
  resolved "https://registry.yarnpkg.com/@lottiefiles/dotlottie-vue/-/dotlottie-vue-0.5.6.tgz#c50d683789b740dab65388839db638f4ea17a36e"
  integrity sha512-qOnkbGq059rx5sO34woXVk/8XzOlX33is+1o8o8jetCwYm7QyAwmWLHyj6de7eQBCsP5dHOchuDKb7GUtVLIRQ==
  dependencies:
    "@lottiefiles/dotlottie-web" "0.40.1"

"@lottiefiles/dotlottie-web@0.40.1":
  version "0.40.1"
  resolved "https://registry.yarnpkg.com/@lottiefiles/dotlottie-web/-/dotlottie-web-0.40.1.tgz#b31c7b4de339607246e66d56babcf99ad8fda486"
  integrity sha512-iNz1rr8zRTSJ0xCZEPeoCX6YnaNhBdkF7gJWhSa8bwB4NTrYZm0vAuC0jF/aLLhU7q9nf6ykxffrz0Sf4JPSPg==

"@rollup/rollup-android-arm-eabi@4.34.7":
  version "4.34.7"
  resolved "https://registry.yarnpkg.com/@rollup/rollup-android-arm-eabi/-/rollup-android-arm-eabi-4.34.7.tgz#e554185b1afa5509a7a4040d15ec0c3b4435ded1"
  integrity sha512-l6CtzHYo8D2TQ3J7qJNpp3Q1Iye56ssIAtqbM2H8axxCEEwvN7o8Ze9PuIapbxFL3OHrJU2JBX6FIIVnP/rYyw==

"@rollup/rollup-android-arm64@4.34.7":
  version "4.34.7"
  resolved "https://registry.yarnpkg.com/@rollup/rollup-android-arm64/-/rollup-android-arm64-4.34.7.tgz#b1ee64bb413b2feba39803b0a1bebf2a9f3d70e1"
  integrity sha512-KvyJpFUueUnSp53zhAa293QBYqwm94TgYTIfXyOTtidhm5V0LbLCJQRGkQClYiX3FXDQGSvPxOTD/6rPStMMDg==

"@rollup/rollup-darwin-arm64@4.34.7":
  version "4.34.7"
  resolved "https://registry.npmjs.org/@rollup/rollup-darwin-arm64/-/rollup-darwin-arm64-4.34.7.tgz"
  integrity sha512-jq87CjmgL9YIKvs8ybtIC98s/M3HdbqXhllcy9EdLV0yMg1DpxES2gr65nNy7ObNo/vZ/MrOTxt0bE5LinL6mA==

"@rollup/rollup-darwin-x64@4.34.7":
  version "4.34.7"
  resolved "https://registry.yarnpkg.com/@rollup/rollup-darwin-x64/-/rollup-darwin-x64-4.34.7.tgz#781a94a537c57bdf0a500e47a25ab5985e5e8dff"
  integrity sha512-rSI/m8OxBjsdnMMg0WEetu/w+LhLAcCDEiL66lmMX4R3oaml3eXz3Dxfvrxs1FbzPbJMaItQiksyMfv1hoIxnA==

"@rollup/rollup-freebsd-arm64@4.34.7":
  version "4.34.7"
  resolved "https://registry.yarnpkg.com/@rollup/rollup-freebsd-arm64/-/rollup-freebsd-arm64-4.34.7.tgz#7a028357cbd12c5869c446ad18177c89f3405102"
  integrity sha512-oIoJRy3ZrdsXpFuWDtzsOOa/E/RbRWXVokpVrNnkS7npz8GEG++E1gYbzhYxhxHbO2om1T26BZjVmdIoyN2WtA==

"@rollup/rollup-freebsd-x64@4.34.7":
  version "4.34.7"
  resolved "https://registry.yarnpkg.com/@rollup/rollup-freebsd-x64/-/rollup-freebsd-x64-4.34.7.tgz#f24836a6371cccc4408db74f0fd986dacf098950"
  integrity sha512-X++QSLm4NZfZ3VXGVwyHdRf58IBbCu9ammgJxuWZYLX0du6kZvdNqPwrjvDfwmi6wFdvfZ/s6K7ia0E5kI7m8Q==

"@rollup/rollup-linux-arm-gnueabihf@4.34.7":
  version "4.34.7"
  resolved "https://registry.yarnpkg.com/@rollup/rollup-linux-arm-gnueabihf/-/rollup-linux-arm-gnueabihf-4.34.7.tgz#95f27e96f0eb9b9ae9887739a8b6dffc90c1237f"
  integrity sha512-Z0TzhrsNqukTz3ISzrvyshQpFnFRfLunYiXxlCRvcrb3nvC5rVKI+ZXPFG/Aa4jhQa1gHgH3A0exHaRRN4VmdQ==

"@rollup/rollup-linux-arm-musleabihf@4.34.7":
  version "4.34.7"
  resolved "https://registry.yarnpkg.com/@rollup/rollup-linux-arm-musleabihf/-/rollup-linux-arm-musleabihf-4.34.7.tgz#677b34fba9d070877736c3fe8b02aacb5e142d97"
  integrity sha512-nkznpyXekFAbvFBKBy4nNppSgneB1wwG1yx/hujN3wRnhnkrYVugMTCBXED4+Ni6thoWfQuHNYbFjgGH0MBXtw==

"@rollup/rollup-linux-arm64-gnu@4.34.7":
  version "4.34.7"
  resolved "https://registry.yarnpkg.com/@rollup/rollup-linux-arm64-gnu/-/rollup-linux-arm64-gnu-4.34.7.tgz#32d3d19dedde54e91574a098f22ea43a09cf63dd"
  integrity sha512-KCjlUkcKs6PjOcxolqrXglBDcfCuUCTVlX5BgzgoJHw+1rWH1MCkETLkLe5iLLS9dP5gKC7mp3y6x8c1oGBUtA==

"@rollup/rollup-linux-arm64-musl@4.34.7":
  version "4.34.7"
  resolved "https://registry.yarnpkg.com/@rollup/rollup-linux-arm64-musl/-/rollup-linux-arm64-musl-4.34.7.tgz#a58dff44a18696df65ed8c0ad68a2945cf900484"
  integrity sha512-uFLJFz6+utmpbR313TTx+NpPuAXbPz4BhTQzgaP0tozlLnGnQ6rCo6tLwaSa6b7l6gRErjLicXQ1iPiXzYotjw==

"@rollup/rollup-linux-loongarch64-gnu@4.34.7":
  version "4.34.7"
  resolved "https://registry.yarnpkg.com/@rollup/rollup-linux-loongarch64-gnu/-/rollup-linux-loongarch64-gnu-4.34.7.tgz#a7488ab078233111e8aeb370d1ecf107ec7e1716"
  integrity sha512-ws8pc68UcJJqCpneDFepnwlsMUFoWvPbWXT/XUrJ7rWUL9vLoIN3GAasgG+nCvq8xrE3pIrd+qLX/jotcLy0Qw==

"@rollup/rollup-linux-powerpc64le-gnu@4.34.7":
  version "4.34.7"
  resolved "https://registry.yarnpkg.com/@rollup/rollup-linux-powerpc64le-gnu/-/rollup-linux-powerpc64le-gnu-4.34.7.tgz#e9b9c0d6bd248a92b2d6ec01ebf99c62ae1f2e9a"
  integrity sha512-vrDk9JDa/BFkxcS2PbWpr0C/LiiSLxFbNOBgfbW6P8TBe9PPHx9Wqbvx2xgNi1TOAyQHQJ7RZFqBiEohm79r0w==

"@rollup/rollup-linux-riscv64-gnu@4.34.7":
  version "4.34.7"
  resolved "https://registry.yarnpkg.com/@rollup/rollup-linux-riscv64-gnu/-/rollup-linux-riscv64-gnu-4.34.7.tgz#0df84ce2bea48ee686fb55060d76ab47aff45c4c"
  integrity sha512-rB+ejFyjtmSo+g/a4eovDD1lHWHVqizN8P0Hm0RElkINpS0XOdpaXloqM4FBkF9ZWEzg6bezymbpLmeMldfLTw==

"@rollup/rollup-linux-s390x-gnu@4.34.7":
  version "4.34.7"
  resolved "https://registry.yarnpkg.com/@rollup/rollup-linux-s390x-gnu/-/rollup-linux-s390x-gnu-4.34.7.tgz#73df374c57d036856e33dbd2715138922e91e452"
  integrity sha512-nNXNjo4As6dNqRn7OrsnHzwTgtypfRA3u3AKr0B3sOOo+HkedIbn8ZtFnB+4XyKJojIfqDKmbIzO1QydQ8c+Pw==

"@rollup/rollup-linux-x64-gnu@4.34.7":
  version "4.34.7"
  resolved "https://registry.yarnpkg.com/@rollup/rollup-linux-x64-gnu/-/rollup-linux-x64-gnu-4.34.7.tgz#f27af0b55f0cdd84e182e6cd44a6d03da0458149"
  integrity sha512-9kPVf9ahnpOMSGlCxXGv980wXD0zRR3wyk8+33/MXQIpQEOpaNe7dEHm5LMfyRZRNt9lMEQuH0jUKj15MkM7QA==

"@rollup/rollup-linux-x64-musl@4.34.7":
  version "4.34.7"
  resolved "https://registry.yarnpkg.com/@rollup/rollup-linux-x64-musl/-/rollup-linux-x64-musl-4.34.7.tgz#c7981ad5cfb8c3cd5d643d33ca54e4d2802b9201"
  integrity sha512-7wJPXRWTTPtTFDFezA8sle/1sdgxDjuMoRXEKtx97ViRxGGkVQYovem+Q8Pr/2HxiHp74SSRG+o6R0Yq0shPwQ==

"@rollup/rollup-win32-arm64-msvc@4.34.7":
  version "4.34.7"
  resolved "https://registry.yarnpkg.com/@rollup/rollup-win32-arm64-msvc/-/rollup-win32-arm64-msvc-4.34.7.tgz#06cedc0ef3cbf1cbd8abcf587090712e40ae6941"
  integrity sha512-MN7aaBC7mAjsiMEZcsJvwNsQVNZShgES/9SzWp1HC9Yjqb5OpexYnRjF7RmE4itbeesHMYYQiAtUAQaSKs2Rfw==

"@rollup/rollup-win32-ia32-msvc@4.34.7":
  version "4.34.7"
  resolved "https://registry.yarnpkg.com/@rollup/rollup-win32-ia32-msvc/-/rollup-win32-ia32-msvc-4.34.7.tgz#90b39b977b14961a769be6ea61238e7fc668dd4d"
  integrity sha512-aeawEKYswsFu1LhDM9RIgToobquzdtSc4jSVqHV8uApz4FVvhFl/mKh92wc8WpFc6aYCothV/03UjY6y7yLgbg==

"@rollup/rollup-win32-x64-msvc@4.34.7":
  version "4.34.7"
  resolved "https://registry.yarnpkg.com/@rollup/rollup-win32-x64-msvc/-/rollup-win32-x64-msvc-4.34.7.tgz#6531d61e7141091eaab0461ee8e0380c10e4ca57"
  integrity sha512-4ZedScpxxIrVO7otcZ8kCX1mZArtH2Wfj3uFCxRJ9NO80gg1XV0U/b2f/MKaGwj2X3QopHfoWiDQ917FRpwY3w==

"@trysound/sax@0.2.0":
  version "0.2.0"
  resolved "https://registry.yarnpkg.com/@trysound/sax/-/sax-0.2.0.tgz#cccaab758af56761eb7bf37af6f03f326dd798ad"
  integrity sha512-L7z9BgrNEcYyUYtF+HaEfiS5ebkh9jXqbszz7pC0hRBPaatV0XjSD3+eHrpqFemQfgwiFF0QPIarnIihIDn7OA==

"@tsparticles/basic@3.8.1":
  version "3.8.1"
  resolved "https://registry.yarnpkg.com/@tsparticles/basic/-/basic-3.8.1.tgz#ba8c372c8ea462f737a7cab296ca2892e955112b"
  integrity sha512-my114zRmekT/+I2cGuEnHxlX5G/jO0iVtNnsxxlsgspXUTSY+fDixmrNF4UgFkuaIwd9Bv/yH+7S/4HE4qte7A==
  dependencies:
    "@tsparticles/engine" "3.8.1"
    "@tsparticles/move-base" "3.8.1"
    "@tsparticles/plugin-hex-color" "3.8.1"
    "@tsparticles/plugin-hsl-color" "3.8.1"
    "@tsparticles/plugin-rgb-color" "3.8.1"
    "@tsparticles/shape-circle" "3.8.1"
    "@tsparticles/updater-color" "3.8.1"
    "@tsparticles/updater-opacity" "3.8.1"
    "@tsparticles/updater-out-modes" "3.8.1"
    "@tsparticles/updater-size" "3.8.1"

"@tsparticles/engine@3.8.1", "@tsparticles/engine@^3.0.3", "@tsparticles/engine@^3.8.1":
  version "3.8.1"
  resolved "https://registry.yarnpkg.com/@tsparticles/engine/-/engine-3.8.1.tgz#1dc538cdb043757c8b8a90bd03b1069c1801cc1e"
  integrity sha512-S8h10nuZfElY7oih//NUHnT5qf4v3/dnsU8CMs7dz5lBEGr3amrYrXk0V+YKPTIQwfdmJHUaSBoAqFiv4aEGIA==

"@tsparticles/interaction-external-attract@3.8.1":
  version "3.8.1"
  resolved "https://registry.yarnpkg.com/@tsparticles/interaction-external-attract/-/interaction-external-attract-3.8.1.tgz#7808282bf005f99c7150e8b86aa9870a8e1e49de"
  integrity sha512-GWzyj5MOzjb5pNWuqAueNZS2ilPcZ0isiqwcb0BjjpwfiGfL72UyIbNUDMLncsW+4jcwB4WyMsv/qOGDmAwVfQ==
  dependencies:
    "@tsparticles/engine" "3.8.1"

"@tsparticles/interaction-external-bounce@3.8.1":
  version "3.8.1"
  resolved "https://registry.yarnpkg.com/@tsparticles/interaction-external-bounce/-/interaction-external-bounce-3.8.1.tgz#41d14c7e6ac3b7afad2258510b530b6df95077a2"
  integrity sha512-tgVzsE3orneSeSUc1XhRD6Iqs8Rkm11iRdkncKSpNx4SI2eJWFPhwit2wIiHQ+IuvgCmM2DXRtLgEVeaux71zg==
  dependencies:
    "@tsparticles/engine" "3.8.1"

"@tsparticles/interaction-external-bubble@3.8.1":
  version "3.8.1"
  resolved "https://registry.yarnpkg.com/@tsparticles/interaction-external-bubble/-/interaction-external-bubble-3.8.1.tgz#1a3236d647f4cfdbbdd063466dd952eb38bc425f"
  integrity sha512-edRVFybiVFd5vEjfEkHgrBTXfPTKc05EqCmRuOEd5gOll1ui0nPtknzj9JiLrPacQAJ7OgZKlHWYQb1u5Yy5Tw==
  dependencies:
    "@tsparticles/engine" "3.8.1"

"@tsparticles/interaction-external-connect@3.8.1":
  version "3.8.1"
  resolved "https://registry.yarnpkg.com/@tsparticles/interaction-external-connect/-/interaction-external-connect-3.8.1.tgz#ca4a3e0603cb2b29b4a564afde064957e948fb1a"
  integrity sha512-DQ0nNB0VDSxFxeaJQvm91NDUU/UPoiHE+uUzyw5qSoWJEGTUOj/QkW0GuBinCo99i8MH/wLDqMS9nb+7ZejpUw==
  dependencies:
    "@tsparticles/engine" "3.8.1"

"@tsparticles/interaction-external-grab@3.8.1":
  version "3.8.1"
  resolved "https://registry.yarnpkg.com/@tsparticles/interaction-external-grab/-/interaction-external-grab-3.8.1.tgz#3f17e3a88573a0f8b054c0da02148918f045b258"
  integrity sha512-nPaHrazEr14CGokGGkFHYXZJTN3Inshe04uQNj+Rj4Lz9dAIqq8EFuSejp0g9lk2cTHWfVf4SK4r8+aJz9Ow4Q==
  dependencies:
    "@tsparticles/engine" "3.8.1"

"@tsparticles/interaction-external-pause@3.8.1":
  version "3.8.1"
  resolved "https://registry.yarnpkg.com/@tsparticles/interaction-external-pause/-/interaction-external-pause-3.8.1.tgz#04227deaaf2b0787246b83e0e574ab5fbb0f28b3"
  integrity sha512-W+6bjNDddtzlikwnfmk2G/GJsz4ZnoqvK0c63earvnPNUAJmkzrvmLS52JoaIOSyclOIeD4LmubT6IsQDv5ohA==
  dependencies:
    "@tsparticles/engine" "3.8.1"

"@tsparticles/interaction-external-push@3.8.1":
  version "3.8.1"
  resolved "https://registry.yarnpkg.com/@tsparticles/interaction-external-push/-/interaction-external-push-3.8.1.tgz#ad675dc34b3aaca4038dbe68d5fbafbce2e93648"
  integrity sha512-LgaXaBM5QXRCeYt3DzphEhE/OirEGnV4iJrXKGJ/FrYMH7kOao85rPmCtYQNYzIy6K0XstmATmTvFRziZ/M4VQ==
  dependencies:
    "@tsparticles/engine" "3.8.1"

"@tsparticles/interaction-external-remove@3.8.1":
  version "3.8.1"
  resolved "https://registry.yarnpkg.com/@tsparticles/interaction-external-remove/-/interaction-external-remove-3.8.1.tgz#527efd06f93123c384699ea080053d66fa337ebd"
  integrity sha512-mwo1DRJPIqzrWfs2G+kfQ5/HyM5j/soIj11zur3BkIlm9vdYIxUpA+hvO734oekSjJxY7YFmYUaqc4vC5TFE5w==
  dependencies:
    "@tsparticles/engine" "3.8.1"

"@tsparticles/interaction-external-repulse@3.8.1":
  version "3.8.1"
  resolved "https://registry.yarnpkg.com/@tsparticles/interaction-external-repulse/-/interaction-external-repulse-3.8.1.tgz#894ce2d8451906516d50ebea5c07387add154075"
  integrity sha512-r0E828zrKIRHA27daItHtI9QEp1tO8d8dmF8Ld8+orn7q0+BKG+uGvNTYJFZ+hqR+lp5AkLOiThf7L2wLS9M1A==
  dependencies:
    "@tsparticles/engine" "3.8.1"

"@tsparticles/interaction-external-slow@3.8.1":
  version "3.8.1"
  resolved "https://registry.yarnpkg.com/@tsparticles/interaction-external-slow/-/interaction-external-slow-3.8.1.tgz#1424364ac0fc523ed8eeecc39b192fb3114a11d7"
  integrity sha512-U4P6c9V6/fSDsWchD4oAYAIPHA/203LzQ7+792cMxa7YThza0VS7YyJUQ1PACjGMmfeKbE34/eoGPqESKakeLw==
  dependencies:
    "@tsparticles/engine" "3.8.1"

"@tsparticles/interaction-particles-attract@3.8.1":
  version "3.8.1"
  resolved "https://registry.yarnpkg.com/@tsparticles/interaction-particles-attract/-/interaction-particles-attract-3.8.1.tgz#a3e225a7f81619188c22f2c039b6f2334e6c1e37"
  integrity sha512-lo5JAVdeh1tQq/7SDsIllNdyIJgF3hSquWLARUIwGolezD91bEmHp/rlhTscX5NrqiM3y7z3inJPhR0nP5kGeg==
  dependencies:
    "@tsparticles/engine" "3.8.1"

"@tsparticles/interaction-particles-collisions@3.8.1":
  version "3.8.1"
  resolved "https://registry.yarnpkg.com/@tsparticles/interaction-particles-collisions/-/interaction-particles-collisions-3.8.1.tgz#18e57f33ef5de5ebc9fd762d25a2366d8fe8afd7"
  integrity sha512-teqn1CZVoJkT/ubhkb4R/H1rnx7DoIeerHXS5uME+vrLIqzkn8QlWdEdTJ7PhdB+Ct2iYAeXCrJWwIqnKaAL3w==
  dependencies:
    "@tsparticles/engine" "3.8.1"

"@tsparticles/interaction-particles-links@3.8.1":
  version "3.8.1"
  resolved "https://registry.yarnpkg.com/@tsparticles/interaction-particles-links/-/interaction-particles-links-3.8.1.tgz#1f0b2aee657cc96d46c29f38fba02b602fb55d97"
  integrity sha512-D+X7wEWyhfV7J0uDWf5vWDhxjfaNovNZW0BWscR9qSy8pl3hjRpv0sJ/QaQFscmK5SzVz28tUFDRLbH1aV5v/Q==
  dependencies:
    "@tsparticles/engine" "3.8.1"

"@tsparticles/move-base@3.8.1":
  version "3.8.1"
  resolved "https://registry.yarnpkg.com/@tsparticles/move-base/-/move-base-3.8.1.tgz#4a9681076eca09d5fd45ce4d786f44e5de1cb291"
  integrity sha512-DNFRL1QT8ZQYLg3fIk74EbHJq5HGOq9CM2bCci9dDcdymvN4L7aWVFQavRiWDbi3y1EUW3+jeHSMbD3qHAfOeA==
  dependencies:
    "@tsparticles/engine" "3.8.1"

"@tsparticles/move-parallax@3.8.1":
  version "3.8.1"
  resolved "https://registry.yarnpkg.com/@tsparticles/move-parallax/-/move-parallax-3.8.1.tgz#ea80cd3853f5f26ecd26b49458b192325b1635f0"
  integrity sha512-umrIttaJGUgfxpnolbMU2BekoN4gw0RgcfVsWR7jzHErA7eTzdJ2mikbQFD+3/1DfTDgJOjWx+dy8a3G/bSsZg==
  dependencies:
    "@tsparticles/engine" "3.8.1"

"@tsparticles/plugin-easing-quad@3.8.1":
  version "3.8.1"
  resolved "https://registry.yarnpkg.com/@tsparticles/plugin-easing-quad/-/plugin-easing-quad-3.8.1.tgz#8578aae07295b9624648d755762b4b50f50ac48d"
  integrity sha512-+BiPNHgsNbbh0AhWKjrmJaAu5c37naqjbME8ZYl0BClI0AC5AzBUaezYRxECaLrdtHJvKrZXFMr6Q0sxjDc6QQ==
  dependencies:
    "@tsparticles/engine" "3.8.1"

"@tsparticles/plugin-hex-color@3.8.1":
  version "3.8.1"
  resolved "https://registry.yarnpkg.com/@tsparticles/plugin-hex-color/-/plugin-hex-color-3.8.1.tgz#622c093845aafe61d9325a6b77498f4943277321"
  integrity sha512-AmgB7XIYBCvg5HcqYb19YpcjEx2k4DpU2e24n0rradDDeqKKcz7EWI/08FlAnDb5HUs1em63vaAanl1vdm3+OA==
  dependencies:
    "@tsparticles/engine" "3.8.1"

"@tsparticles/plugin-hsl-color@3.8.1":
  version "3.8.1"
  resolved "https://registry.yarnpkg.com/@tsparticles/plugin-hsl-color/-/plugin-hsl-color-3.8.1.tgz#61a5b053ee7df32a11a87bf77949591467f88625"
  integrity sha512-Ja6oEX6yu0064e4a+Fv1TBJiG5y0hqWwoOKSqf/Ra/zo01ageOEvDVX70FOVSrP+iEPGPznKVNcZs1tEOOvO0g==
  dependencies:
    "@tsparticles/engine" "3.8.1"

"@tsparticles/plugin-rgb-color@3.8.1":
  version "3.8.1"
  resolved "https://registry.yarnpkg.com/@tsparticles/plugin-rgb-color/-/plugin-rgb-color-3.8.1.tgz#f1cd79de595fed6f17112b14145057853f59237a"
  integrity sha512-xNLqnaFUYjU+7dCHQXjZdM4UojUAVorPVmXlYmkh1xmujLljEaFTwCg1UJVlNq+fXENIFkeaf3/XT0U/q0ZBTA==
  dependencies:
    "@tsparticles/engine" "3.8.1"

"@tsparticles/shape-circle@3.8.1":
  version "3.8.1"
  resolved "https://registry.yarnpkg.com/@tsparticles/shape-circle/-/shape-circle-3.8.1.tgz#01e58bd4a2d6fd2ca06ca0ea12f9021e9f276878"
  integrity sha512-dM/f+qcpd8/KfviuVuKiTS8KLDE/T7xxHK7EI2S49yPW6yrJJBXdL7T4N9/n/6PF+Wslcl+kf/eTDjEAI3WjNQ==
  dependencies:
    "@tsparticles/engine" "3.8.1"

"@tsparticles/shape-emoji@3.8.1":
  version "3.8.1"
  resolved "https://registry.yarnpkg.com/@tsparticles/shape-emoji/-/shape-emoji-3.8.1.tgz#8b3334a3186617e295de617cb730de435e3762f2"
  integrity sha512-xiXNZ/afdecengUXhOqgUwR+vysgaseVpzEjoGoliOMWq4WHWv+S6ujNfes2oz3x736mTlvKdXcEWRncSXaKWw==
  dependencies:
    "@tsparticles/engine" "3.8.1"

"@tsparticles/shape-image@3.8.1":
  version "3.8.1"
  resolved "https://registry.yarnpkg.com/@tsparticles/shape-image/-/shape-image-3.8.1.tgz#960f0ebc94b8755b7b8ea1545ab194c0d8ce3bcd"
  integrity sha512-7Yi25uLXvcY5A6TzyVBjYPsTmeTrE+0a2YO8kdp3O7V9NRGCSfXKnPRFp+lNOTiQRRvOG+SSzx2G18dfc/jwQg==
  dependencies:
    "@tsparticles/engine" "3.8.1"

"@tsparticles/shape-line@3.8.1":
  version "3.8.1"
  resolved "https://registry.yarnpkg.com/@tsparticles/shape-line/-/shape-line-3.8.1.tgz#c00fb18ceb1f3b86492f934b15fb0b61b92c2bb2"
  integrity sha512-aXVKkpGLgi1hbU/JO+opzy3OTt6PfxWrhGZyI0ms3vdcRX9uYlq4GoNUoKPVfntjWzhecF+FNNZ9gqUG/+WZLQ==
  dependencies:
    "@tsparticles/engine" "3.8.1"

"@tsparticles/shape-polygon@3.8.1":
  version "3.8.1"
  resolved "https://registry.yarnpkg.com/@tsparticles/shape-polygon/-/shape-polygon-3.8.1.tgz#b3b28b523bd0af6766c9ca4d3eaedce9facadd47"
  integrity sha512-1pAx85NJbgmsOngl+ZAYH8vxwPJmoddjWCbWTD0wlp/x+2NRjn1iaGBKObPKLgwVzsAXb9qNHMsUX/x0C54svw==
  dependencies:
    "@tsparticles/engine" "3.8.1"

"@tsparticles/shape-square@3.8.1":
  version "3.8.1"
  resolved "https://registry.yarnpkg.com/@tsparticles/shape-square/-/shape-square-3.8.1.tgz#0356e931dbb3edb5768a92c6be12b898962da5fb"
  integrity sha512-4cjDt6542dkc15zxG1VYT7ScgPXM3+5VGtwMfh5CYNBx+GZZ3R+XUo1Q66JadcqKcNdHXfMWbXCMxs0GaiTtSw==
  dependencies:
    "@tsparticles/engine" "3.8.1"

"@tsparticles/shape-star@3.8.1":
  version "3.8.1"
  resolved "https://registry.yarnpkg.com/@tsparticles/shape-star/-/shape-star-3.8.1.tgz#2191f4d4b252e712469eb0f85a5a307517f2601e"
  integrity sha512-wBxnawqan/ocguNxY6cOEXF+YVnLIUmGBlnVGYx/7U9E2UHuHEKkoumob4fUflKISjvj5eQLpm/E1eUfYMd6RA==
  dependencies:
    "@tsparticles/engine" "3.8.1"

"@tsparticles/slim@^3.8.1":
  version "3.8.1"
  resolved "https://registry.yarnpkg.com/@tsparticles/slim/-/slim-3.8.1.tgz#198cc80bbfd787a3e55da1f35f29d6aaf6de4b24"
  integrity sha512-b6JV8MrxMz0XYn0eBCI/Mq8VCRyeaWfUyQaQyxLiRd96xpBXCeULooJF+Eaz9it1sUI898a5QfvY8djNXs4OJw==
  dependencies:
    "@tsparticles/basic" "3.8.1"
    "@tsparticles/engine" "3.8.1"
    "@tsparticles/interaction-external-attract" "3.8.1"
    "@tsparticles/interaction-external-bounce" "3.8.1"
    "@tsparticles/interaction-external-bubble" "3.8.1"
    "@tsparticles/interaction-external-connect" "3.8.1"
    "@tsparticles/interaction-external-grab" "3.8.1"
    "@tsparticles/interaction-external-pause" "3.8.1"
    "@tsparticles/interaction-external-push" "3.8.1"
    "@tsparticles/interaction-external-remove" "3.8.1"
    "@tsparticles/interaction-external-repulse" "3.8.1"
    "@tsparticles/interaction-external-slow" "3.8.1"
    "@tsparticles/interaction-particles-attract" "3.8.1"
    "@tsparticles/interaction-particles-collisions" "3.8.1"
    "@tsparticles/interaction-particles-links" "3.8.1"
    "@tsparticles/move-parallax" "3.8.1"
    "@tsparticles/plugin-easing-quad" "3.8.1"
    "@tsparticles/shape-emoji" "3.8.1"
    "@tsparticles/shape-image" "3.8.1"
    "@tsparticles/shape-line" "3.8.1"
    "@tsparticles/shape-polygon" "3.8.1"
    "@tsparticles/shape-square" "3.8.1"
    "@tsparticles/shape-star" "3.8.1"
    "@tsparticles/updater-life" "3.8.1"
    "@tsparticles/updater-rotate" "3.8.1"
    "@tsparticles/updater-stroke-color" "3.8.1"

"@tsparticles/updater-color@3.8.1":
  version "3.8.1"
  resolved "https://registry.yarnpkg.com/@tsparticles/updater-color/-/updater-color-3.8.1.tgz#f35954159a8671be6a4102644ede673370f164e1"
  integrity sha512-HKrZzrF8YJ+TD+FdIwaWOPV565bkBhe+Ewj7CwKblG7H/SG+C6n1xIYobXkGP5pYkkQ+Cm1UV/Aq0Ih7sa+rJg==
  dependencies:
    "@tsparticles/engine" "3.8.1"

"@tsparticles/updater-life@3.8.1":
  version "3.8.1"
  resolved "https://registry.yarnpkg.com/@tsparticles/updater-life/-/updater-life-3.8.1.tgz#54f95dc1d16740a6ff2e275585657a7468d7d9fb"
  integrity sha512-5rCFFKD7js1lKgTpKOLo2OfmisWp4qqMVUVR4bNPeR0Ne/dcwDbKDzWyYS2AMsvWv/gcTTtWiarRfAiVQ5HtNg==
  dependencies:
    "@tsparticles/engine" "3.8.1"

"@tsparticles/updater-opacity@3.8.1":
  version "3.8.1"
  resolved "https://registry.yarnpkg.com/@tsparticles/updater-opacity/-/updater-opacity-3.8.1.tgz#ffebbf9260aede3194682bc2f377185cbf902cfd"
  integrity sha512-41dJ0T7df7AUFFkV9yU0buUfUwh+hLYcViXxkDy+6CJiiNCNZ4H404w1DTpBQLL4fbxUcDk9BXZLV7gkE2OfAw==
  dependencies:
    "@tsparticles/engine" "3.8.1"

"@tsparticles/updater-out-modes@3.8.1":
  version "3.8.1"
  resolved "https://registry.yarnpkg.com/@tsparticles/updater-out-modes/-/updater-out-modes-3.8.1.tgz#8de70e28510cd50a1d77d7a7910b20d3a1c61eeb"
  integrity sha512-BY8WqQwoDFpgPybwTzBU2GnxtRkjWnGStqBnR53x5+f1j7geTSY6WjcOvl1W+IkjtwtjiifriwBl41EbqMrjdQ==
  dependencies:
    "@tsparticles/engine" "3.8.1"

"@tsparticles/updater-rotate@3.8.1":
  version "3.8.1"
  resolved "https://registry.yarnpkg.com/@tsparticles/updater-rotate/-/updater-rotate-3.8.1.tgz#12accee0128ab1bf9bb022589643ea90ed01ffc7"
  integrity sha512-gpI07H1+diuuUdhJsQ1RlfHSD3fzBJrjyuwGuoXgHmvKzak6EWKpYfUMOraH4Dm41m/4kJZelle4nST+NpIuoA==
  dependencies:
    "@tsparticles/engine" "3.8.1"

"@tsparticles/updater-size@3.8.1":
  version "3.8.1"
  resolved "https://registry.yarnpkg.com/@tsparticles/updater-size/-/updater-size-3.8.1.tgz#b1b7f5197fa69b1346bed9a2da68771f35d0a88c"
  integrity sha512-SC2ZxewtpwKadCalotK6x2YanxRO3hTMW1Rxzx9V2rcjAIgh/Nw49Vuithy2TDq8RtTc9rHDAPic2vMQ/lYQwA==
  dependencies:
    "@tsparticles/engine" "3.8.1"

"@tsparticles/updater-stroke-color@3.8.1":
  version "3.8.1"
  resolved "https://registry.yarnpkg.com/@tsparticles/updater-stroke-color/-/updater-stroke-color-3.8.1.tgz#ab6bdf5035a714d49dad6efbd94a571edfa67fef"
  integrity sha512-rofHCf5oRHP2H+BTJ4D3r4mTqZtre3c8bsdJHATle26+gLpzbt6I1a83wAY8xnsQa1BNnRAfEsnb7GpdZ1vYaw==
  dependencies:
    "@tsparticles/engine" "3.8.1"

"@tsparticles/vue3@^3.0.1":
  version "3.0.1"
  resolved "https://registry.yarnpkg.com/@tsparticles/vue3/-/vue3-3.0.1.tgz#5178d4c7c3a7e64a15bd21690ba8863d80481124"
  integrity sha512-BxaSZ0wtxq33SDsrqLkLWoV88Jd5BnBoYjyVhKSNzOLOesCiG8Z5WQC1QZGTez79l/gBe0xaCDF0ng1e2iKJvA==
  dependencies:
    "@tsparticles/engine" "^3.0.3"
    vue "^3.3.13"

"@types/estree@1.0.6":
  version "1.0.6"
  resolved "https://registry.npmjs.org/@types/estree/-/estree-1.0.6.tgz"
  integrity sha512-AYnb1nQyY49te+VRAVgmzfcgjYS91mY5P0TKUDCLEM+gNnA+3T6rWITXRLYCpahpqSQbN5cE+gHpnPyXjHWxcw==

"@vitejs/plugin-vue@^5.2.1":
  version "5.2.1"
  resolved "https://registry.npmjs.org/@vitejs/plugin-vue/-/plugin-vue-5.2.1.tgz"
  integrity sha512-cxh314tzaWwOLqVes2gnnCtvBDcM1UMdn+iFR+UjAn411dPT3tOmqrJjbMd7koZpMAmBM/GqeV4n9ge7JSiJJQ==

"@vue/compiler-core@3.5.13":
  version "3.5.13"
  resolved "https://registry.npmjs.org/@vue/compiler-core/-/compiler-core-3.5.13.tgz"
  integrity sha512-oOdAkwqUfW1WqpwSYJce06wvt6HljgY3fGeM9NcVA1HaYOij3mZG9Rkysn0OHuyUAGMbEbARIpsG+LPVlBJ5/Q==
  dependencies:
    "@babel/parser" "^7.25.3"
    "@vue/shared" "3.5.13"
    entities "^4.5.0"
    estree-walker "^2.0.2"
    source-map-js "^1.2.0"

"@vue/compiler-dom@3.5.13":
  version "3.5.13"
  resolved "https://registry.npmjs.org/@vue/compiler-dom/-/compiler-dom-3.5.13.tgz"
  integrity sha512-ZOJ46sMOKUjO3e94wPdCzQ6P1Lx/vhp2RSvfaab88Ajexs0AHeV0uasYhi99WPaogmBlRHNRuly8xV75cNTMDA==
  dependencies:
    "@vue/compiler-core" "3.5.13"
    "@vue/shared" "3.5.13"

"@vue/compiler-sfc@3.5.13":
  version "3.5.13"
  resolved "https://registry.npmjs.org/@vue/compiler-sfc/-/compiler-sfc-3.5.13.tgz"
  integrity sha512-6VdaljMpD82w6c2749Zhf5T9u5uLBWKnVue6XWxprDobftnletJ8+oel7sexFfM3qIxNmVE7LSFGTpv6obNyaQ==
  dependencies:
    "@babel/parser" "^7.25.3"
    "@vue/compiler-core" "3.5.13"
    "@vue/compiler-dom" "3.5.13"
    "@vue/compiler-ssr" "3.5.13"
    "@vue/shared" "3.5.13"
    estree-walker "^2.0.2"
    magic-string "^0.30.11"
    postcss "^8.4.48"
    source-map-js "^1.2.0"

"@vue/compiler-ssr@3.5.13":
  version "3.5.13"
  resolved "https://registry.npmjs.org/@vue/compiler-ssr/-/compiler-ssr-3.5.13.tgz"
  integrity sha512-wMH6vrYHxQl/IybKJagqbquvxpWCuVYpoUJfCqFZwa/JY1GdATAQ+TgVtgrwwMZ0D07QhA99rs/EAAWfvG6KpA==
  dependencies:
    "@vue/compiler-dom" "3.5.13"
    "@vue/shared" "3.5.13"

"@vue/reactivity@3.5.13":
  version "3.5.13"
  resolved "https://registry.npmjs.org/@vue/reactivity/-/reactivity-3.5.13.tgz"
  integrity sha512-NaCwtw8o48B9I6L1zl2p41OHo/2Z4wqYGGIK1Khu5T7yxrn+ATOixn/Udn2m+6kZKB/J7cuT9DbWWhRxqixACg==
  dependencies:
    "@vue/shared" "3.5.13"

"@vue/runtime-core@3.5.13":
  version "3.5.13"
  resolved "https://registry.npmjs.org/@vue/runtime-core/-/runtime-core-3.5.13.tgz"
  integrity sha512-Fj4YRQ3Az0WTZw1sFe+QDb0aXCerigEpw418pw1HBUKFtnQHWzwojaukAs2X/c9DQz4MQ4bsXTGlcpGxU/RCIw==
  dependencies:
    "@vue/reactivity" "3.5.13"
    "@vue/shared" "3.5.13"

"@vue/runtime-dom@3.5.13":
  version "3.5.13"
  resolved "https://registry.npmjs.org/@vue/runtime-dom/-/runtime-dom-3.5.13.tgz"
  integrity sha512-dLaj94s93NYLqjLiyFzVs9X6dWhTdAlEAciC3Moq7gzAc13VJUdCnjjRurNM6uTLFATRHexHCTu/Xp3eW6yoog==
  dependencies:
    "@vue/reactivity" "3.5.13"
    "@vue/runtime-core" "3.5.13"
    "@vue/shared" "3.5.13"
    csstype "^3.1.3"

"@vue/server-renderer@3.5.13":
  version "3.5.13"
  resolved "https://registry.npmjs.org/@vue/server-renderer/-/server-renderer-3.5.13.tgz"
  integrity sha512-wAi4IRJV/2SAW3htkTlB+dHeRmpTiVIK1OGLWV1yeStVSebSQQOwGwIq0D3ZIoBj2C2qpgz5+vX9iEBkTdk5YA==
  dependencies:
    "@vue/compiler-ssr" "3.5.13"
    "@vue/shared" "3.5.13"

"@vue/shared@3.5.13":
  version "3.5.13"
  resolved "https://registry.npmjs.org/@vue/shared/-/shared-3.5.13.tgz"
  integrity sha512-/hnE/qP5ZoGpol0a5mDi45bOd7t3tjYJBjsgCsivow7D48cJeV5l05RD82lPqi7gRiphZM37rnhW1l6ZoCNNnQ==

boolbase@^1.0.0:
  version "1.0.0"
  resolved "https://registry.yarnpkg.com/boolbase/-/boolbase-1.0.0.tgz#68dff5fbe60c51eb37725ea9e3ed310dcc1e776e"
  integrity sha512-JZOSA7Mo9sNGB8+UjSgzdLtokWAky1zbztM3WRLCbZ70/3cTANmQmOdR7y2g+J0e2WXywy1yS468tY+IruqEww==

commander@^7.2.0:
  version "7.2.0"
  resolved "https://registry.yarnpkg.com/commander/-/commander-7.2.0.tgz#a36cb57d0b501ce108e4d20559a150a391d97ab7"
  integrity sha512-QrWXB+ZQSVPmIWIhtEO9H+gwHaMGYiF5ChvoJ+K9ZGHG/sVsa6yiesAD1GC/x46sET00Xlwo1u49RVVVzvcSkw==

css-select@^5.1.0:
  version "5.1.0"
  resolved "https://registry.yarnpkg.com/css-select/-/css-select-5.1.0.tgz#b8ebd6554c3637ccc76688804ad3f6a6fdaea8a6"
  integrity sha512-nwoRF1rvRRnnCqqY7updORDsuqKzqYJ28+oSMaJMMgOauh3fvwHqMS7EZpIPqK8GL+g9mKxF1vP/ZjSeNjEVHg==
  dependencies:
    boolbase "^1.0.0"
    css-what "^6.1.0"
    domhandler "^5.0.2"
    domutils "^3.0.1"
    nth-check "^2.0.1"

css-tree@^2.3.1:
  version "2.3.1"
  resolved "https://registry.yarnpkg.com/css-tree/-/css-tree-2.3.1.tgz#10264ce1e5442e8572fc82fbe490644ff54b5c20"
  integrity sha512-6Fv1DV/TYw//QF5IzQdqsNDjx/wc8TrMBZsqjL9eW01tWb7R7k/mq+/VXfJCl7SoD5emsJop9cOByJZfs8hYIw==
  dependencies:
    mdn-data "2.0.30"
    source-map-js "^1.0.1"

css-tree@~2.2.0:
  version "2.2.1"
  resolved "https://registry.yarnpkg.com/css-tree/-/css-tree-2.2.1.tgz#36115d382d60afd271e377f9c5f67d02bd48c032"
  integrity sha512-OA0mILzGc1kCOCSJerOeqDxDQ4HOh+G8NbOJFOTgOCzpw7fCBubk0fEyxp8AgOL/jvLgYA/uV0cMbe43ElF1JA==
  dependencies:
    mdn-data "2.0.28"
    source-map-js "^1.0.1"

css-what@^6.1.0:
  version "6.1.0"
  resolved "https://registry.yarnpkg.com/css-what/-/css-what-6.1.0.tgz#fb5effcf76f1ddea2c81bdfaa4de44e79bac70f4"
  integrity sha512-HTUrgRJ7r4dsZKU6GjmpfRK1O76h97Z8MfS1G0FozR+oF2kG6Vfe8JE6zwrkbxigziPHinCJ+gCPjA9EaBDtRw==

csso@^5.0.5:
  version "5.0.5"
  resolved "https://registry.yarnpkg.com/csso/-/csso-5.0.5.tgz#f9b7fe6cc6ac0b7d90781bb16d5e9874303e2ca6"
  integrity sha512-0LrrStPOdJj+SPCCrGhzryycLjwcgUSHBtxNA8aIDxf0GLsRh1cKYhB00Gd1lDOS4yGH69+SNn13+TWbVHETFQ==
  dependencies:
    css-tree "~2.2.0"

csstype@^3.1.3:
  version "3.1.3"
  resolved "https://registry.npmjs.org/csstype/-/csstype-3.1.3.tgz"
  integrity sha512-M1uQkMl8rQK/szD0LNhtqxIPLpimGm8sOBwU7lLnCpSbTyY3yeU1Vc7l4KT5zT4s/yOxHH5O7tIuuLOCnLADRw==

dom-serializer@^2.0.0:
  version "2.0.0"
  resolved "https://registry.yarnpkg.com/dom-serializer/-/dom-serializer-2.0.0.tgz#e41b802e1eedf9f6cae183ce5e622d789d7d8e53"
  integrity sha512-wIkAryiqt/nV5EQKqQpo3SToSOV9J0DnbJqwK7Wv/Trc92zIAYZ4FlMu+JPFW1DfGFt81ZTCGgDEabffXeLyJg==
  dependencies:
    domelementtype "^2.3.0"
    domhandler "^5.0.2"
    entities "^4.2.0"

domelementtype@^2.3.0:
  version "2.3.0"
  resolved "https://registry.yarnpkg.com/domelementtype/-/domelementtype-2.3.0.tgz#5c45e8e869952626331d7aab326d01daf65d589d"
  integrity sha512-OLETBj6w0OsagBwdXnPdN0cnMfF9opN69co+7ZrbfPGrdpPVNBUj02spi6B1N7wChLQiPn4CSH/zJvXw56gmHw==

domhandler@^5.0.2, domhandler@^5.0.3:
  version "5.0.3"
  resolved "https://registry.yarnpkg.com/domhandler/-/domhandler-5.0.3.tgz#cc385f7f751f1d1fc650c21374804254538c7d31"
  integrity sha512-cgwlv/1iFQiFnU96XXgROh8xTeetsnJiDsTc7TYCLFd9+/WNkIqPTxiM/8pSd8VIrhXGTf1Ny1q1hquVqDJB5w==
  dependencies:
    domelementtype "^2.3.0"

domutils@^3.0.1:
  version "3.2.2"
  resolved "https://registry.yarnpkg.com/domutils/-/domutils-3.2.2.tgz#edbfe2b668b0c1d97c24baf0f1062b132221bc78"
  integrity sha512-6kZKyUajlDuqlHKVX1w7gyslj9MPIXzIFiz/rGu35uC1wMi+kMhQwGhl4lt9unC9Vb9INnY9Z3/ZA3+FhASLaw==
  dependencies:
    dom-serializer "^2.0.0"
    domelementtype "^2.3.0"
    domhandler "^5.0.3"

entities@^4.2.0, entities@^4.5.0:
  version "4.5.0"
  resolved "https://registry.npmjs.org/entities/-/entities-4.5.0.tgz"
  integrity sha512-V0hjH4dGPh9Ao5p0MoRY6BVqtwCjhz6vI5LT8AJ55H+4g9/4vbHx1I54fS0XuclLhDHArPQCiMjDxjaL8fPxhw==

esbuild@^0.24.2:
  version "0.24.2"
  resolved "https://registry.npmjs.org/esbuild/-/esbuild-0.24.2.tgz"
  integrity sha512-+9egpBW8I3CD5XPe0n6BfT5fxLzxrlDzqydF3aviG+9ni1lDC/OvMHcxqEFV0+LANZG5R1bFMWfUrjVsdwxJvA==
  optionalDependencies:
    "@esbuild/aix-ppc64" "0.24.2"
    "@esbuild/android-arm" "0.24.2"
    "@esbuild/android-arm64" "0.24.2"
    "@esbuild/android-x64" "0.24.2"
    "@esbuild/darwin-arm64" "0.24.2"
    "@esbuild/darwin-x64" "0.24.2"
    "@esbuild/freebsd-arm64" "0.24.2"
    "@esbuild/freebsd-x64" "0.24.2"
    "@esbuild/linux-arm" "0.24.2"
    "@esbuild/linux-arm64" "0.24.2"
    "@esbuild/linux-ia32" "0.24.2"
    "@esbuild/linux-loong64" "0.24.2"
    "@esbuild/linux-mips64el" "0.24.2"
    "@esbuild/linux-ppc64" "0.24.2"
    "@esbuild/linux-riscv64" "0.24.2"
    "@esbuild/linux-s390x" "0.24.2"
    "@esbuild/linux-x64" "0.24.2"
    "@esbuild/netbsd-arm64" "0.24.2"
    "@esbuild/netbsd-x64" "0.24.2"
    "@esbuild/openbsd-arm64" "0.24.2"
    "@esbuild/openbsd-x64" "0.24.2"
    "@esbuild/sunos-x64" "0.24.2"
    "@esbuild/win32-arm64" "0.24.2"
    "@esbuild/win32-ia32" "0.24.2"
    "@esbuild/win32-x64" "0.24.2"

estree-walker@^2.0.2:
  version "2.0.2"
  resolved "https://registry.npmjs.org/estree-walker/-/estree-walker-2.0.2.tgz"
  integrity sha512-Rfkk/Mp/DL7JVje3u18FxFujQlTNR2q6QfMSMB7AvCBx91NGj/ba3kCfza0f6dVDbw7YlRf/nDrn7pQrCCyQ/w==

fsevents@~2.3.2, fsevents@~2.3.3:
  version "2.3.3"
  resolved "https://registry.npmjs.org/fsevents/-/fsevents-2.3.3.tgz"
  integrity sha512-5xoDfX+fL7faATnagmWPpbFtwh/R77WmMMqqHGS65C3vvB0YHrgF+B1YmZ3441tMj5n63k0212XNoJwzlhffQw==

magic-string@^0.30.11:
  version "0.30.17"
  resolved "https://registry.npmjs.org/magic-string/-/magic-string-0.30.17.tgz"
  integrity sha512-sNPKHvyjVf7gyjwS4xGTaW/mCnF8wnjtifKBEhxfZ7E/S8tQ0rssrwGNn6q8JH/ohItJfSQp9mBtQYuTlH5QnA==
  dependencies:
    "@jridgewell/sourcemap-codec" "^1.5.0"

mdn-data@2.0.28:
  version "2.0.28"
  resolved "https://registry.yarnpkg.com/mdn-data/-/mdn-data-2.0.28.tgz#5ec48e7bef120654539069e1ae4ddc81ca490eba"
  integrity sha512-aylIc7Z9y4yzHYAJNuESG3hfhC+0Ibp/MAMiaOZgNv4pmEdFyfZhhhny4MNiAfWdBQ1RQ2mfDWmM1x8SvGyp8g==

mdn-data@2.0.30:
  version "2.0.30"
  resolved "https://registry.yarnpkg.com/mdn-data/-/mdn-data-2.0.30.tgz#ce4df6f80af6cfbe218ecd5c552ba13c4dfa08cc"
  integrity sha512-GaqWWShW4kv/G9IEucWScBx9G1/vsFZZJUO+tD26M8J8z3Kw5RDQjaoZe03YAClgeS/SWPOcb4nkFBTEi5DUEA==

nanoid@^3.3.8:
  version "3.3.8"
  resolved "https://registry.npmjs.org/nanoid/-/nanoid-3.3.8.tgz"
  integrity sha512-WNLf5Sd8oZxOm+TzppcYk8gVOgP+l58xNy58D0nbUnOxOWRWvlcCV4kUF7ltmI6PsrLl/BgKEyS4mqsGChFN0w==

nth-check@^2.0.1:
  version "2.1.1"
  resolved "https://registry.yarnpkg.com/nth-check/-/nth-check-2.1.1.tgz#c9eab428effce36cd6b92c924bdb000ef1f1ed1d"
  integrity sha512-lqjrjmaOoAnWfMmBPL+XNnynZh2+swxiX3WUE0s4yEHI6m+AwrK2UZOimIRl3X/4QctVqS8AiZjFqyOGrMXb/w==
  dependencies:
    boolbase "^1.0.0"

picocolors@^1.0.0, picocolors@^1.1.1:
  version "1.1.1"
  resolved "https://registry.npmjs.org/picocolors/-/picocolors-1.1.1.tgz"
  integrity sha512-xceH2snhtb5M9liqDsmEw56le376mTZkEX/jEb/RxNFyegNul7eNslCXP9FDj/Lcu0X8KEyMceP2ntpaHrDEVA==

postcss@^8.4.48, postcss@^8.5.1:
  version "8.5.2"
  resolved "https://registry.npmjs.org/postcss/-/postcss-8.5.2.tgz"
  integrity sha512-MjOadfU3Ys9KYoX0AdkBlFEF1Vx37uCCeN4ZHnmwm9FfpbsGWMZeBLMmmpY+6Ocqod7mkdZ0DT31OlbsFrLlkA==
  dependencies:
    nanoid "^3.3.8"
    picocolors "^1.1.1"
    source-map-js "^1.2.1"

rollup@^4.30.1:
  version "4.34.7"
  resolved "https://registry.npmjs.org/rollup/-/rollup-4.34.7.tgz"
  integrity sha512-8qhyN0oZ4x0H6wmBgfKxJtxM7qS98YJ0k0kNh5ECVtuchIJ7z9IVVvzpmtQyT10PXKMtBxYr1wQ5Apg8RS8kXQ==
  dependencies:
    "@types/estree" "1.0.6"
  optionalDependencies:
    "@rollup/rollup-android-arm-eabi" "4.34.7"
    "@rollup/rollup-android-arm64" "4.34.7"
    "@rollup/rollup-darwin-arm64" "4.34.7"
    "@rollup/rollup-darwin-x64" "4.34.7"
    "@rollup/rollup-freebsd-arm64" "4.34.7"
    "@rollup/rollup-freebsd-x64" "4.34.7"
    "@rollup/rollup-linux-arm-gnueabihf" "4.34.7"
    "@rollup/rollup-linux-arm-musleabihf" "4.34.7"
    "@rollup/rollup-linux-arm64-gnu" "4.34.7"
    "@rollup/rollup-linux-arm64-musl" "4.34.7"
    "@rollup/rollup-linux-loongarch64-gnu" "4.34.7"
    "@rollup/rollup-linux-powerpc64le-gnu" "4.34.7"
    "@rollup/rollup-linux-riscv64-gnu" "4.34.7"
    "@rollup/rollup-linux-s390x-gnu" "4.34.7"
    "@rollup/rollup-linux-x64-gnu" "4.34.7"
    "@rollup/rollup-linux-x64-musl" "4.34.7"
    "@rollup/rollup-win32-arm64-msvc" "4.34.7"
    "@rollup/rollup-win32-ia32-msvc" "4.34.7"
    "@rollup/rollup-win32-x64-msvc" "4.34.7"
    fsevents "~2.3.2"

source-map-js@^1.0.1, source-map-js@^1.2.0, source-map-js@^1.2.1:
  version "1.2.1"
  resolved "https://registry.npmjs.org/source-map-js/-/source-map-js-1.2.1.tgz"
  integrity sha512-UXWMKhLOwVKb728IUtQPXxfYU+usdybtUrK/8uGE8CQMvrhOpwvzDBwj0QhSL7MQc7vIsISBG8VQ8+IDQxpfQA==

svgo@^3.0.2:
  version "3.3.2"
  resolved "https://registry.yarnpkg.com/svgo/-/svgo-3.3.2.tgz#ad58002652dffbb5986fc9716afe52d869ecbda8"
  integrity sha512-OoohrmuUlBs8B8o6MB2Aevn+pRIH9zDALSR+6hhqVfa6fRwG/Qw9VUMSMW9VNg2CFc/MTIfabtdOVl9ODIJjpw==
  dependencies:
    "@trysound/sax" "0.2.0"
    commander "^7.2.0"
    css-select "^5.1.0"
    css-tree "^2.3.1"
    css-what "^6.1.0"
    csso "^5.0.5"
    picocolors "^1.0.0"

vite-svg-loader@^5.1.0:
  version "5.1.0"
  resolved "https://registry.yarnpkg.com/vite-svg-loader/-/vite-svg-loader-5.1.0.tgz#b0b89bd8024bc0f707d0e8d7422446ac01576d94"
  integrity sha512-M/wqwtOEjgb956/+m5ZrYT/Iq6Hax0OakWbokj8+9PXOnB7b/4AxESHieEtnNEy7ZpjsjYW1/5nK8fATQMmRxw==
  dependencies:
    svgo "^3.0.2"

vite@^6.1.0:
  version "6.1.0"
  resolved "https://registry.npmjs.org/vite/-/vite-6.1.0.tgz"
  integrity sha512-RjjMipCKVoR4hVfPY6GQTgveinjNuyLw+qruksLDvA5ktI1150VmcMBKmQaEWJhg/j6Uaf6dNCNA0AfdzUb/hQ==
  dependencies:
    esbuild "^0.24.2"
    postcss "^8.5.1"
    rollup "^4.30.1"
  optionalDependencies:
    fsevents "~2.3.3"

vue@^3.3.13, vue@^3.5.13:
  version "3.5.13"
  resolved "https://registry.npmjs.org/vue/-/vue-3.5.13.tgz"
  integrity sha512-wmeiSMxkZCSc+PM2w2VRsOYAZC8GdipNFRTsLSfodVqI9mbejKeXEGr8SckuLnrQPGe3oJN5c3K0vpoU9q/wCQ==
  dependencies:
    "@vue/compiler-dom" "3.5.13"
    "@vue/compiler-sfc" "3.5.13"
    "@vue/runtime-dom" "3.5.13"
    "@vue/server-renderer" "3.5.13"
    "@vue/shared" "3.5.13"
